// !$*UTF8*$!
{
	archiveVersion = 1;
	classes = {
	};
	objectVersion = 46;
	objects = {

/* Begin PBXBuildFile section */
		23E228B61891BCE700D2A3CA /* Foundation.framework in Frameworks */ = {isa = PBXBuildFile; fileRef = 23E228B51891BCE700D2A3CA /* Foundation.framework */; };
		23E228B81891BCE700D2A3CA /* CoreGraphics.framework in Frameworks */ = {isa = PBXBuildFile; fileRef = 23E228B71891BCE700D2A3CA /* CoreGraphics.framework */; };
		23E228BA1891BCE700D2A3CA /* UIKit.framework in Frameworks */ = {isa = PBXBuildFile; fileRef = 23E228B91891BCE700D2A3CA /* UIKit.framework */; };
		23E228C01891BCE700D2A3CA /* InfoPlist.strings in Resources */ = {isa = PBXBuildFile; fileRef = 23E228BE1891BCE700D2A3CA /* InfoPlist.strings */; };
		23E228C21891BCE700D2A3CA /* main.m in Sources */ = {isa = PBXBuildFile; fileRef = 23E228C11891BCE700D2A3CA /* main.m */; };
		23E228C61891BCE700D2A3CA /* AppDelegate.m in Sources */ = {isa = PBXBuildFile; fileRef = 23E228C51891BCE700D2A3CA /* AppDelegate.m */; };
		23E228C91891BCE700D2A3CA /* Main.storyboard in Resources */ = {isa = PBXBuildFile; fileRef = 23E228C71891BCE700D2A3CA /* Main.storyboard */; };
		23E228CC1891BCE700D2A3CA /* ViewController.m in Sources */ = {isa = PBXBuildFile; fileRef = 23E228CB1891BCE700D2A3CA /* ViewController.m */; };
		23E228CE1891BCE700D2A3CA /* Images.xcassets in Resources */ = {isa = PBXBuildFile; fileRef = 23E228CD1891BCE700D2A3CA /* Images.xcassets */; };
		23E228D51891BCE700D2A3CA /* XCTest.framework in Frameworks */ = {isa = PBXBuildFile; fileRef = 23E228D41891BCE700D2A3CA /* XCTest.framework */; };
		23E228D61891BCE700D2A3CA /* Foundation.framework in Frameworks */ = {isa = PBXBuildFile; fileRef = 23E228B51891BCE700D2A3CA /* Foundation.framework */; };
		23E228D71891BCE700D2A3CA /* UIKit.framework in Frameworks */ = {isa = PBXBuildFile; fileRef = 23E228B91891BCE700D2A3CA /* UIKit.framework */; };
		23E228DF1891BCE700D2A3CA /* InfoPlist.strings in Resources */ = {isa = PBXBuildFile; fileRef = 23E228DD1891BCE700D2A3CA /* InfoPlist.strings */; };
		23E228E11891BCE700D2A3CA /* LoadingKitTests.m in Sources */ = {isa = PBXBuildFile; fileRef = 23E228E01891BCE700D2A3CA /* LoadingKitTests.m */; };
		23E228ED1891BD4800D2A3CA /* PGLoadingView.m in Sources */ = {isa = PBXBuildFile; fileRef = 23E228EC1891BD4800D2A3CA /* PGLoadingView.m */; };
/* End PBXBuildFile section */

/* Begin PBXContainerItemProxy section */
		23E228D81891BCE700D2A3CA /* PBXContainerItemProxy */ = {
			isa = PBXContainerItemProxy;
			containerPortal = 23E228AA1891BCE700D2A3CA /* Project object */;
			proxyType = 1;
			remoteGlobalIDString = 23E228B11891BCE700D2A3CA;
			remoteInfo = LoadingKit;
		};
/* End PBXContainerItemProxy section */

/* Begin PBXFileReference section */
		23E228B21891BCE700D2A3CA /* LoadingKit.app */ = {isa = PBXFileReference; explicitFileType = wrapper.application; includeInIndex = 0; path = LoadingKit.app; sourceTree = BUILT_PRODUCTS_DIR; };
		23E228B51891BCE700D2A3CA /* Foundation.framework */ = {isa = PBXFileReference; lastKnownFileType = wrapper.framework; name = Foundation.framework; path = System/Library/Frameworks/Foundation.framework; sourceTree = SDKROOT; };
		23E228B71891BCE700D2A3CA /* CoreGraphics.framework */ = {isa = PBXFileReference; lastKnownFileType = wrapper.framework; name = CoreGraphics.framework; path = System/Library/Frameworks/CoreGraphics.framework; sourceTree = SDKROOT; };
		23E228B91891BCE700D2A3CA /* UIKit.framework */ = {isa = PBXFileReference; lastKnownFileType = wrapper.framework; name = UIKit.framework; path = System/Library/Frameworks/UIKit.framework; sourceTree = SDKROOT; };
		23E228BD1891BCE700D2A3CA /* LoadingKit-Info.plist */ = {isa = PBXFileReference; lastKnownFileType = text.plist.xml; path = "LoadingKit-Info.plist"; sourceTree = "<group>"; };
		23E228BF1891BCE700D2A3CA /* en */ = {isa = PBXFileReference; lastKnownFileType = text.plist.strings; name = en; path = en.lproj/InfoPlist.strings; sourceTree = "<group>"; };
		23E228C11891BCE700D2A3CA /* main.m */ = {isa = PBXFileReference; lastKnownFileType = sourcecode.c.objc; path = main.m; sourceTree = "<group>"; };
		23E228C31891BCE700D2A3CA /* LoadingKit-Prefix.pch */ = {isa = PBXFileReference; lastKnownFileType = sourcecode.c.h; path = "LoadingKit-Prefix.pch"; sourceTree = "<group>"; };
		23E228C41891BCE700D2A3CA /* AppDelegate.h */ = {isa = PBXFileReference; lastKnownFileType = sourcecode.c.h; path = AppDelegate.h; sourceTree = "<group>"; };
		23E228C51891BCE700D2A3CA /* AppDelegate.m */ = {isa = PBXFileReference; lastKnownFileType = sourcecode.c.objc; path = AppDelegate.m; sourceTree = "<group>"; };
		23E228C81891BCE700D2A3CA /* Base */ = {isa = PBXFileReference; lastKnownFileType = file.storyboard; name = Base; path = Base.lproj/Main.storyboard; sourceTree = "<group>"; };
		23E228CA1891BCE700D2A3CA /* ViewController.h */ = {isa = PBXFileReference; lastKnownFileType = sourcecode.c.h; path = ViewController.h; sourceTree = "<group>"; };
		23E228CB1891BCE700D2A3CA /* ViewController.m */ = {isa = PBXFileReference; lastKnownFileType = sourcecode.c.objc; path = ViewController.m; sourceTree = "<group>"; };
		23E228CD1891BCE700D2A3CA /* Images.xcassets */ = {isa = PBXFileReference; lastKnownFileType = folder.assetcatalog; path = Images.xcassets; sourceTree = "<group>"; };
		23E228D31891BCE700D2A3CA /* LoadingKitTests.xctest */ = {isa = PBXFileReference; explicitFileType = wrapper.cfbundle; includeInIndex = 0; path = LoadingKitTests.xctest; sourceTree = BUILT_PRODUCTS_DIR; };
		23E228D41891BCE700D2A3CA /* XCTest.framework */ = {isa = PBXFileReference; lastKnownFileType = wrapper.framework; name = XCTest.framework; path = Library/Frameworks/XCTest.framework; sourceTree = DEVELOPER_DIR; };
		23E228DC1891BCE700D2A3CA /* LoadingKitTests-Info.plist */ = {isa = PBXFileReference; lastKnownFileType = text.plist.xml; path = "LoadingKitTests-Info.plist"; sourceTree = "<group>"; };
		23E228DE1891BCE700D2A3CA /* en */ = {isa = PBXFileReference; lastKnownFileType = text.plist.strings; name = en; path = en.lproj/InfoPlist.strings; sourceTree = "<group>"; };
		23E228E01891BCE700D2A3CA /* LoadingKitTests.m */ = {isa = PBXFileReference; lastKnownFileType = sourcecode.c.objc; path = LoadingKitTests.m; sourceTree = "<group>"; };
		23E228EB1891BD4800D2A3CA /* PGLoadingView.h */ = {isa = PBXFileReference; fileEncoding = 4; lastKnownFileType = sourcecode.c.h; path = PGLoadingView.h; sourceTree = "<group>"; };
		23E228EC1891BD4800D2A3CA /* PGLoadingView.m */ = {isa = PBXFileReference; fileEncoding = 4; lastKnownFileType = sourcecode.c.objc; path = PGLoadingView.m; sourceTree = "<group>"; };
/* End PBXFileReference section */

/* Begin PBXFrameworksBuildPhase section */
		23E228AF1891BCE700D2A3CA /* Frameworks */ = {
			isa = PBXFrameworksBuildPhase;
			buildActionMask = 2147483647;
			files = (
				23E228B81891BCE700D2A3CA /* CoreGraphics.framework in Frameworks */,
				23E228BA1891BCE700D2A3CA /* UIKit.framework in Frameworks */,
				23E228B61891BCE700D2A3CA /* Foundation.framework in Frameworks */,
			);
			runOnlyForDeploymentPostprocessing = 0;
		};
		23E228D01891BCE700D2A3CA /* Frameworks */ = {
			isa = PBXFrameworksBuildPhase;
			buildActionMask = 2147483647;
			files = (
				23E228D51891BCE700D2A3CA /* XCTest.framework in Frameworks */,
				23E228D71891BCE700D2A3CA /* UIKit.framework in Frameworks */,
				23E228D61891BCE700D2A3CA /* Foundation.framework in Frameworks */,
			);
			runOnlyForDeploymentPostprocessing = 0;
		};
/* End PBXFrameworksBuildPhase section */

/* Begin PBXGroup section */
		23E228A91891BCE700D2A3CA = {
			isa = PBXGroup;
			children = (
				23E228BB1891BCE700D2A3CA /* LoadingKit */,
				23E228DA1891BCE700D2A3CA /* LoadingKitTests */,
				23E228B41891BCE700D2A3CA /* Frameworks */,
				23E228B31891BCE700D2A3CA /* Products */,
			);
			sourceTree = "<group>";
		};
		23E228B31891BCE700D2A3CA /* Products */ = {
			isa = PBXGroup;
			children = (
				23E228B21891BCE700D2A3CA /* LoadingKit.app */,
				23E228D31891BCE700D2A3CA /* LoadingKitTests.xctest */,
			);
			name = Products;
			sourceTree = "<group>";
		};
		23E228B41891BCE700D2A3CA /* Frameworks */ = {
			isa = PBXGroup;
			children = (
				23E228B51891BCE700D2A3CA /* Foundation.framework */,
				23E228B71891BCE700D2A3CA /* CoreGraphics.framework */,
				23E228B91891BCE700D2A3CA /* UIKit.framework */,
				23E228D41891BCE700D2A3CA /* XCTest.framework */,
			);
			name = Frameworks;
			sourceTree = "<group>";
		};
		23E228BB1891BCE700D2A3CA /* LoadingKit */ = {
			isa = PBXGroup;
			children = (
				23E228EA1891BD2500D2A3CA /* Libs */,
				23E228C41891BCE700D2A3CA /* AppDelegate.h */,
				23E228C51891BCE700D2A3CA /* AppDelegate.m */,
				23E228C71891BCE700D2A3CA /* Main.storyboard */,
				23E228CA1891BCE700D2A3CA /* ViewController.h */,
				23E228CB1891BCE700D2A3CA /* ViewController.m */,
				23E228CD1891BCE700D2A3CA /* Images.xcassets */,
				23E228BC1891BCE700D2A3CA /* Supporting Files */,
			);
			path = LoadingKit;
			sourceTree = "<group>";
		};
		23E228BC1891BCE700D2A3CA /* Supporting Files */ = {
			isa = PBXGroup;
			children = (
				23E228BD1891BCE700D2A3CA /* LoadingKit-Info.plist */,
				23E228BE1891BCE700D2A3CA /* InfoPlist.strings */,
				23E228C11891BCE700D2A3CA /* main.m */,
				23E228C31891BCE700D2A3CA /* LoadingKit-Prefix.pch */,
			);
			name = "Supporting Files";
			sourceTree = "<group>";
		};
		23E228DA1891BCE700D2A3CA /* LoadingKitTests */ = {
			isa = PBXGroup;
			children = (
				23E228E01891BCE700D2A3CA /* LoadingKitTests.m */,
				23E228DB1891BCE700D2A3CA /* Supporting Files */,
			);
			path = LoadingKitTests;
			sourceTree = "<group>";
		};
		23E228DB1891BCE700D2A3CA /* Supporting Files */ = {
			isa = PBXGroup;
			children = (
				23E228DC1891BCE700D2A3CA /* LoadingKitTests-Info.plist */,
				23E228DD1891BCE700D2A3CA /* InfoPlist.strings */,
			);
			name = "Supporting Files";
			sourceTree = "<group>";
		};
		23E228EA1891BD2500D2A3CA /* Libs */ = {
			isa = PBXGroup;
			children = (
				23E228EB1891BD4800D2A3CA /* PGLoadingView.h */,
				23E228EC1891BD4800D2A3CA /* PGLoadingView.m */,
			);
			path = Libs;
			sourceTree = SOURCE_ROOT;
		};
/* End PBXGroup section */

/* Begin PBXNativeTarget section */
		23E228B11891BCE700D2A3CA /* LoadingKit */ = {
			isa = PBXNativeTarget;
			buildConfigurationList = 23E228E41891BCE700D2A3CA /* Build configuration list for PBXNativeTarget "LoadingKit" */;
			buildPhases = (
				23E228AE1891BCE700D2A3CA /* Sources */,
				23E228AF1891BCE700D2A3CA /* Frameworks */,
				23E228B01891BCE700D2A3CA /* Resources */,
			);
			buildRules = (
			);
			dependencies = (
			);
			name = LoadingKit;
			productName = LoadingKit;
			productReference = 23E228B21891BCE700D2A3CA /* LoadingKit.app */;
			productType = "com.apple.product-type.application";
		};
		23E228D21891BCE700D2A3CA /* LoadingKitTests */ = {
			isa = PBXNativeTarget;
			buildConfigurationList = 23E228E71891BCE700D2A3CA /* Build configuration list for PBXNativeTarget "LoadingKitTests" */;
			buildPhases = (
				23E228CF1891BCE700D2A3CA /* Sources */,
				23E228D01891BCE700D2A3CA /* Frameworks */,
				23E228D11891BCE700D2A3CA /* Resources */,
			);
			buildRules = (
			);
			dependencies = (
				23E228D91891BCE700D2A3CA /* PBXTargetDependency */,
			);
			name = LoadingKitTests;
			productName = LoadingKitTests;
			productReference = 23E228D31891BCE700D2A3CA /* LoadingKitTests.xctest */;
			productType = "com.apple.product-type.bundle.unit-test";
		};
/* End PBXNativeTarget section */

/* Begin PBXProject section */
		23E228AA1891BCE700D2A3CA /* Project object */ = {
			isa = PBXProject;
			attributes = {
				LastUpgradeCheck = 0500;
				ORGANIZATIONNAME = "Uauker Inc.";
				TargetAttributes = {
					23E228D21891BCE700D2A3CA = {
						TestTargetID = 23E228B11891BCE700D2A3CA;
					};
				};
			};
			buildConfigurationList = 23E228AD1891BCE700D2A3CA /* Build configuration list for PBXProject "LoadingKit" */;
			compatibilityVersion = "Xcode 3.2";
			developmentRegion = English;
			hasScannedForEncodings = 0;
			knownRegions = (
				en,
				Base,
			);
			mainGroup = 23E228A91891BCE700D2A3CA;
			productRefGroup = 23E228B31891BCE700D2A3CA /* Products */;
			projectDirPath = "";
			projectRoot = "";
			targets = (
				23E228B11891BCE700D2A3CA /* LoadingKit */,
				23E228D21891BCE700D2A3CA /* LoadingKitTests */,
			);
		};
/* End PBXProject section */

/* Begin PBXResourcesBuildPhase section */
		23E228B01891BCE700D2A3CA /* Resources */ = {
			isa = PBXResourcesBuildPhase;
			buildActionMask = 2147483647;
			files = (
				23E228CE1891BCE700D2A3CA /* Images.xcassets in Resources */,
				23E228C01891BCE700D2A3CA /* InfoPlist.strings in Resources */,
				23E228C91891BCE700D2A3CA /* Main.storyboard in Resources */,
			);
			runOnlyForDeploymentPostprocessing = 0;
		};
		23E228D11891BCE700D2A3CA /* Resources */ = {
			isa = PBXResourcesBuildPhase;
			buildActionMask = 2147483647;
			files = (
				23E228DF1891BCE700D2A3CA /* InfoPlist.strings in Resources */,
			);
			runOnlyForDeploymentPostprocessing = 0;
		};
/* End PBXResourcesBuildPhase section */

/* Begin PBXSourcesBuildPhase section */
		23E228AE1891BCE700D2A3CA /* Sources */ = {
			isa = PBXSourcesBuildPhase;
			buildActionMask = 2147483647;
			files = (
				23E228CC1891BCE700D2A3CA /* ViewController.m in Sources */,
				23E228C61891BCE700D2A3CA /* AppDelegate.m in Sources */,
				23E228ED1891BD4800D2A3CA /* PGLoadingView.m in Sources */,
				23E228C21891BCE700D2A3CA /* main.m in Sources */,
			);
			runOnlyForDeploymentPostprocessing = 0;
		};
		23E228CF1891BCE700D2A3CA /* Sources */ = {
			isa = PBXSourcesBuildPhase;
			buildActionMask = 2147483647;
			files = (
				23E228E11891BCE700D2A3CA /* LoadingKitTests.m in Sources */,
			);
			runOnlyForDeploymentPostprocessing = 0;
		};
/* End PBXSourcesBuildPhase section */

/* Begin PBXTargetDependency section */
		23E228D91891BCE700D2A3CA /* PBXTargetDependency */ = {
			isa = PBXTargetDependency;
			target = 23E228B11891BCE700D2A3CA /* LoadingKit */;
			targetProxy = 23E228D81891BCE700D2A3CA /* PBXContainerItemProxy */;
		};
/* End PBXTargetDependency section */

/* Begin PBXVariantGroup section */
		23E228BE1891BCE700D2A3CA /* InfoPlist.strings */ = {
			isa = PBXVariantGroup;
			children = (
				23E228BF1891BCE700D2A3CA /* en */,
			);
			name = InfoPlist.strings;
			sourceTree = "<group>";
		};
		23E228C71891BCE700D2A3CA /* Main.storyboard */ = {
			isa = PBXVariantGroup;
			children = (
				23E228C81891BCE700D2A3CA /* Base */,
			);
			name = Main.storyboard;
			sourceTree = "<group>";
		};
		23E228DD1891BCE700D2A3CA /* InfoPlist.strings */ = {
			isa = PBXVariantGroup;
			children = (
				23E228DE1891BCE700D2A3CA /* en */,
			);
			name = InfoPlist.strings;
			sourceTree = "<group>";
		};
/* End PBXVariantGroup section */

/* Begin XCBuildConfiguration section */
		23E228E21891BCE700D2A3CA /* Debug */ = {
			isa = XCBuildConfiguration;
			buildSettings = {
				ALWAYS_SEARCH_USER_PATHS = NO;
				ARCHS = "$(ARCHS_STANDARD_INCLUDING_64_BIT)";
				CLANG_CXX_LANGUAGE_STANDARD = "gnu++0x";
				CLANG_CXX_LIBRARY = "libc++";
				CLANG_ENABLE_MODULES = YES;
				CLANG_ENABLE_OBJC_ARC = YES;
				CLANG_WARN_BOOL_CONVERSION = YES;
				CLANG_WARN_CONSTANT_CONVERSION = YES;
				CLANG_WARN_DIRECT_OBJC_ISA_USAGE = YES_ERROR;
				CLANG_WARN_EMPTY_BODY = YES;
				CLANG_WARN_ENUM_CONVERSION = YES;
				CLANG_WARN_INT_CONVERSION = YES;
				CLANG_WARN_OBJC_ROOT_CLASS = YES_ERROR;
				CLANG_WARN__DUPLICATE_METHOD_MATCH = YES;
				"CODE_SIGN_IDENTITY[sdk=iphoneos*]" = "iPhone Developer";
				COPY_PHASE_STRIP = NO;
				GCC_C_LANGUAGE_STANDARD = gnu99;
				GCC_DYNAMIC_NO_PIC = NO;
				GCC_OPTIMIZATION_LEVEL = 0;
				GCC_PREPROCESSOR_DEFINITIONS = (
					"DEBUG=1",
					"$(inherited)",
				);
				GCC_SYMBOLS_PRIVATE_EXTERN = NO;
				GCC_WARN_64_TO_32_BIT_CONVERSION = YES;
				GCC_WARN_ABOUT_RETURN_TYPE = YES_ERROR;
				GCC_WARN_UNDECLARED_SELECTOR = YES;
				GCC_WARN_UNINITIALIZED_AUTOS = YES;
				GCC_WARN_UNUSED_FUNCTION = YES;
				GCC_WARN_UNUSED_VARIABLE = YES;
				IPHONEOS_DEPLOYMENT_TARGET = 7.0;
				ONLY_ACTIVE_ARCH = YES;
				SDKROOT = iphoneos;
			};
			name = Debug;
		};
		23E228E31891BCE700D2A3CA /* Release */ = {
			isa = XCBuildConfiguration;
			buildSettings = {
				ALWAYS_SEARCH_USER_PATHS = NO;
				ARCHS = "$(ARCHS_STANDARD_INCLUDING_64_BIT)";
				CLANG_CXX_LANGUAGE_STANDARD = "gnu++0x";
				CLANG_CXX_LIBRARY = "libc++";
				CLANG_ENABLE_MODULES = YES;
				CLANG_ENABLE_OBJC_ARC = YES;
				CLANG_WARN_BOOL_CONVERSION = YES;
				CLANG_WARN_CONSTANT_CONVERSION = YES;
				CLANG_WARN_DIRECT_OBJC_ISA_USAGE = YES_ERROR;
				CLANG_WARN_EMPTY_BODY = YES;
				CLANG_WARN_ENUM_CONVERSION = YES;
				CLANG_WARN_INT_CONVERSION = YES;
				CLANG_WARN_OBJC_ROOT_CLASS = YES_ERROR;
				CLANG_WARN__DUPLICATE_METHOD_MATCH = YES;
				"CODE_SIGN_IDENTITY[sdk=iphoneos*]" = "iPhone Developer";
				COPY_PHASE_STRIP = YES;
				ENABLE_NS_ASSERTIONS = NO;
				GCC_C_LANGUAGE_STANDARD = gnu99;
				GCC_WARN_64_TO_32_BIT_CONVERSION = YES;
				GCC_WARN_ABOUT_RETURN_TYPE = YES_ERROR;
				GCC_WARN_UNDECLARED_SELECTOR = YES;
				GCC_WARN_UNINITIALIZED_AUTOS = YES;
				GCC_WARN_UNUSED_FUNCTION = YES;
				GCC_WARN_UNUSED_VARIABLE = YES;
				IPHONEOS_DEPLOYMENT_TARGET = 7.0;
				SDKROOT = iphoneos;
				VALIDATE_PRODUCT = YES;
			};
			name = Release;
		};
		23E228E51891BCE700D2A3CA /* Debug */ = {
			isa = XCBuildConfiguration;
			buildSettings = {
				ASSETCATALOG_COMPILER_APPICON_NAME = AppIcon;
				ASSETCATALOG_COMPILER_LAUNCHIMAGE_NAME = LaunchImage;
				GCC_PRECOMPILE_PREFIX_HEADER = YES;
				GCC_PREFIX_HEADER = "LoadingKit/LoadingKit-Prefix.pch";
				INFOPLIST_FILE = "LoadingKit/LoadingKit-Info.plist";
				PRODUCT_NAME = "$(TARGET_NAME)";
				WRAPPER_EXTENSION = app;
			};
			name = Debug;
		};
		23E228E61891BCE700D2A3CA /* Release */ = {
			isa = XCBuildConfiguration;
			buildSettings = {
				ASSETCATALOG_COMPILER_APPICON_NAME = AppIcon;
				ASSETCATALOG_COMPILER_LAUNCHIMAGE_NAME = LaunchImage;
				GCC_PRECOMPILE_PREFIX_HEADER = YES;
				GCC_PREFIX_HEADER = "LoadingKit/LoadingKit-Prefix.pch";
				INFOPLIST_FILE = "LoadingKit/LoadingKit-Info.plist";
				PRODUCT_NAME = "$(TARGET_NAME)";
				WRAPPER_EXTENSION = app;
			};
			name = Release;
		};
		23E228E81891BCE700D2A3CA /* Debug */ = {
			isa = XCBuildConfiguration;
			buildSettings = {
				ARCHS = "$(ARCHS_STANDARD_INCLUDING_64_BIT)";
				BUNDLE_LOADER = "$(BUILT_PRODUCTS_DIR)/LoadingKit.app/LoadingKit";
				FRAMEWORK_SEARCH_PATHS = (
					"$(SDKROOT)/Developer/Library/Frameworks",
					"$(inherited)",
					"$(DEVELOPER_FRAMEWORKS_DIR)",
				);
				GCC_PRECOMPILE_PREFIX_HEADER = YES;
				GCC_PREFIX_HEADER = "LoadingKit/LoadingKit-Prefix.pch";
				GCC_PREPROCESSOR_DEFINITIONS = (
					"DEBUG=1",
					"$(inherited)",
				);
				INFOPLIST_FILE = "LoadingKitTests/LoadingKitTests-Info.plist";
				PRODUCT_NAME = "$(TARGET_NAME)";
				TEST_HOST = "$(BUNDLE_LOADER)";
				WRAPPER_EXTENSION = xctest;
			};
			name = Debug;
		};
		23E228E91891BCE700D2A3CA /* Release */ = {
			isa = XCBuildConfiguration;
			buildSettings = {
				ARCHS = "$(ARCHS_STANDARD_INCLUDING_64_BIT)";
				BUNDLE_LOADER = "$(BUILT_PRODUCTS_DIR)/LoadingKit.app/LoadingKit";
				FRAMEWORK_SEARCH_PATHS = (
					"$(SDKROOT)/Developer/Library/Frameworks",
					"$(inherited)",
					"$(DEVELOPER_FRAMEWORKS_DIR)",
				);
				GCC_PRECOMPILE_PREFIX_HEADER = YES;
				GCC_PREFIX_HEADER = "LoadingKit/LoadingKit-Prefix.pch";
				INFOPLIST_FILE = "LoadingKitTests/LoadingKitTests-Info.plist";
				PRODUCT_NAME = "$(TARGET_NAME)";
				TEST_HOST = "$(BUNDLE_LOADER)";
				WRAPPER_EXTENSION = xctest;
			};
			name = Release;
		};
/* End XCBuildConfiguration section */

/* Begin XCConfigurationList section */
		23E228AD1891BCE700D2A3CA /* Build configuration list for PBXProject "LoadingKit" */ = {
			isa = XCConfigurationList;
			buildConfigurations = (
				23E228E21891BCE700D2A3CA /* Debug */,
				23E228E31891BCE700D2A3CA /* Release */,
			);
			defaultConfigurationIsVisible = 0;
			defaultConfigurationName = Release;
		};
		23E228E41891BCE700D2A3CA /* Build configuration list for PBXNativeTarget "LoadingKit" */ = {
			isa = XCConfigurationList;
			buildConfigurations = (
				23E228E51891BCE700D2A3CA /* Debug */,
				23E228E61891BCE700D2A3CA /* Release */,
			);
			defaultConfigurationIsVisible = 0;
		};
		23E228E71891BCE700D2A3CA /* Build configuration list for PBXNativeTarget "LoadingKitTests" */ = {
			isa = XCConfigurationList;
			buildConfigurations = (
				23E228E81891BCE700D2A3CA /* Debug */,
				23E228E91891BCE700D2A3CA /* Release */,
			);
			defaultConfigurationIsVisible = 0;
		};
/* End XCConfigurationList section */
	};
	rootObject = 23E228AA1891BCE700D2A3CA /* Project object */;
}
